{
  "version": 4,
  "terraform_version": "0.15.1",
  "serial": 90,
  "lineage": "a674c469-f123-399a-8109-f7e08e429680",
  "outputs": {},
  "resources": [
    {
      "mode": "managed",
      "type": "google_compute_disk",
      "name": "default",
      "provider": "provider[\"registry.terraform.io/hashicorp/google\"]",
      "instances": [
        {
          "schema_version": 0,
          "attributes": {
            "creation_timestamp": "2022-07-08T22:03:50.761-07:00",
            "description": "",
            "disk_encryption_key": [],
            "id": "projects/test-project-354808/zones/us-west4-b/disks/recovereddisk",
            "image": "",
            "label_fingerprint": "BLJEnqlfgTc=",
            "labels": {
              "recoveredbbotdisk": "yes"
            },
            "last_attach_timestamp": "2022-07-08T22:13:12.668-07:00",
            "last_detach_timestamp": "",
            "name": "recovereddisk",
            "physical_block_size_bytes": 4096,
            "project": "test-project-354808",
            "provisioned_iops": 0,
            "self_link": "https://www.googleapis.com/compute/v1/projects/test-project-354808/zones/us-west4-b/disks/recovereddisk",
            "size": 10,
            "snapshot": "https://www.googleapis.com/compute/v1/projects/test-project-354808/global/snapshots/bootsnapshot",
            "source_image_encryption_key": [],
            "source_image_id": "",
            "source_snapshot_encryption_key": [],
            "source_snapshot_id": "5998237215768229999",
            "timeouts": null,
            "type": "pd-ssd",
            "users": [
              "https://www.googleapis.com/compute/v1/projects/test-project-354808/zones/us-west4-b/instances/recoveredvm"
            ],
            "zone": "us-west4-b"
          },
          "sensitive_attributes": [],
          "private": "eyJlMmJmYjczMC1lY2FhLTExZTYtOGY4OC0zNDM2M2JjN2M0YzAiOnsiY3JlYXRlIjoxMjAwMDAwMDAwMDAwLCJkZWxldGUiOjEyMDAwMDAwMDAwMDAsInVwZGF0ZSI6MTIwMDAwMDAwMDAwMH19"
        }
      ]
    }
  ]
}
